// !$*UTF8*$!
{
	archiveVersion = 1;
	classes = {
	};
	objectVersion = 46;
	objects = {

/* Begin PBXBuildFile section */
		79F732241A1E6E5B0071A05B /* AppDelegate.swift in Sources */ = {isa = PBXBuildFile; fileRef = 79F732231A1E6E5B0071A05B /* AppDelegate.swift */; };
		79F732261A1E6E5B0071A05B /* MainViewController.swift in Sources */ = {isa = PBXBuildFile; fileRef = 79F732251A1E6E5B0071A05B /* MainViewController.swift */; };
		79F732291A1E6E5B0071A05B /* Main.storyboard in Resources */ = {isa = PBXBuildFile; fileRef = 79F732271A1E6E5B0071A05B /* Main.storyboard */; };
		79F7322B1A1E6E5B0071A05B /* Images.xcassets in Resources */ = {isa = PBXBuildFile; fileRef = 79F7322A1A1E6E5B0071A05B /* Images.xcassets */; };
		79F7322E1A1E6E5B0071A05B /* LaunchScreen.xib in Resources */ = {isa = PBXBuildFile; fileRef = 79F7322C1A1E6E5B0071A05B /* LaunchScreen.xib */; };
		79F7323A1A1E6E5B0071A05B /* instalyricsTests.swift in Sources */ = {isa = PBXBuildFile; fileRef = 79F732391A1E6E5B0071A05B /* instalyricsTests.swift */; };
		79F732441A1E73910071A05B /* SongLogics.swift in Sources */ = {isa = PBXBuildFile; fileRef = 79F732431A1E73910071A05B /* SongLogics.swift */; };
		79F732461A1E74580071A05B /* Song.swift in Sources */ = {isa = PBXBuildFile; fileRef = 79F732451A1E74580071A05B /* Song.swift */; };
		79F732481A1E74CB0071A05B /* Song_Extras.swift in Sources */ = {isa = PBXBuildFile; fileRef = 79F732471A1E74CB0071A05B /* Song_Extras.swift */; };
		79F7325A1A1E8E620071A05B /* Alamofire.framework in Copy Files (1 item) */ = {isa = PBXBuildFile; fileRef = 79F732531A1E8CF50071A05B /* Alamofire.framework */; settings = {ATTRIBUTES = (CodeSignOnCopy, RemoveHeadersOnCopy, ); }; };
		79F7325F1A1E90C00071A05B /* LyricsDAO.swift in Sources */ = {isa = PBXBuildFile; fileRef = 79F7325E1A1E90C00071A05B /* LyricsDAO.swift */; };
		79F732631A1EA31E0071A05B /* AEXML.swift in Sources */ = {isa = PBXBuildFile; fileRef = 79F732621A1EA31E0071A05B /* AEXML.swift */; };
		79F732651A1EB6350071A05B /* SWXMLHash.swift in Sources */ = {isa = PBXBuildFile; fileRef = 79F732641A1EB6350071A05B /* SWXMLHash.swift */; };
/* End PBXBuildFile section */

/* Begin PBXContainerItemProxy section */
		79F732341A1E6E5B0071A05B /* PBXContainerItemProxy */ = {
			isa = PBXContainerItemProxy;
			containerPortal = 79F732161A1E6E5B0071A05B /* Project object */;
			proxyType = 1;
			remoteGlobalIDString = 79F7321D1A1E6E5B0071A05B;
			remoteInfo = instalyrics;
		};
		79F732521A1E8CF50071A05B /* PBXContainerItemProxy */ = {
			isa = PBXContainerItemProxy;
			containerPortal = 79F7324D1A1E8CF50071A05B /* Alamofire.xcodeproj */;
			proxyType = 2;
			remoteGlobalIDString = F8111E3319A95C8B0040E7D1;
			remoteInfo = Alamofire;
		};
		79F732541A1E8CF50071A05B /* PBXContainerItemProxy */ = {
			isa = PBXContainerItemProxy;
			containerPortal = 79F7324D1A1E8CF50071A05B /* Alamofire.xcodeproj */;
			proxyType = 2;
			remoteGlobalIDString = F8111E3E19A95C8B0040E7D1;
			remoteInfo = AlamofireTests;
		};
		79F732571A1E8D6B0071A05B /* PBXContainerItemProxy */ = {
			isa = PBXContainerItemProxy;
			containerPortal = 79F7324D1A1E8CF50071A05B /* Alamofire.xcodeproj */;
			proxyType = 1;
			remoteGlobalIDString = F8111E3219A95C8B0040E7D1;
			remoteInfo = Alamofire;
		};
/* End PBXContainerItemProxy section */

/* Begin PBXCopyFilesBuildPhase section */
		79F732591A1E8E480071A05B /* Copy Files (1 item) */ = {
			isa = PBXCopyFilesBuildPhase;
			buildActionMask = 2147483647;
			dstPath = "";
			dstSubfolderSpec = 10;
			files = (
				79F7325A1A1E8E620071A05B /* Alamofire.framework in Copy Files (1 item) */,
			);
			name = "Copy Files (1 item)";
			runOnlyForDeploymentPostprocessing = 0;
		};
/* End PBXCopyFilesBuildPhase section */

/* Begin PBXFileReference section */
		79F7321E1A1E6E5B0071A05B /* instalyrics.app */ = {isa = PBXFileReference; explicitFileType = wrapper.application; includeInIndex = 0; path = instalyrics.app; sourceTree = BUILT_PRODUCTS_DIR; };
		79F732221A1E6E5B0071A05B /* Info.plist */ = {isa = PBXFileReference; lastKnownFileType = text.plist.xml; path = Info.plist; sourceTree = "<group>"; };
		79F732231A1E6E5B0071A05B /* AppDelegate.swift */ = {isa = PBXFileReference; lastKnownFileType = sourcecode.swift; path = AppDelegate.swift; sourceTree = "<group>"; };
		79F732251A1E6E5B0071A05B /* MainViewController.swift */ = {isa = PBXFileReference; lastKnownFileType = sourcecode.swift; path = MainViewController.swift; sourceTree = "<group>"; };
		79F732281A1E6E5B0071A05B /* Base */ = {isa = PBXFileReference; lastKnownFileType = file.storyboard; name = Base; path = Base.lproj/Main.storyboard; sourceTree = "<group>"; };
		79F7322A1A1E6E5B0071A05B /* Images.xcassets */ = {isa = PBXFileReference; lastKnownFileType = folder.assetcatalog; path = Images.xcassets; sourceTree = "<group>"; };
		79F7322D1A1E6E5B0071A05B /* Base */ = {isa = PBXFileReference; lastKnownFileType = file.xib; name = Base; path = Base.lproj/LaunchScreen.xib; sourceTree = "<group>"; };
		79F732331A1E6E5B0071A05B /* instalyricsTests.xctest */ = {isa = PBXFileReference; explicitFileType = wrapper.cfbundle; includeInIndex = 0; path = instalyricsTests.xctest; sourceTree = BUILT_PRODUCTS_DIR; };
		79F732381A1E6E5B0071A05B /* Info.plist */ = {isa = PBXFileReference; lastKnownFileType = text.plist.xml; path = Info.plist; sourceTree = "<group>"; };
		79F732391A1E6E5B0071A05B /* instalyricsTests.swift */ = {isa = PBXFileReference; lastKnownFileType = sourcecode.swift; path = instalyricsTests.swift; sourceTree = "<group>"; };
		79F732431A1E73910071A05B /* SongLogics.swift */ = {isa = PBXFileReference; fileEncoding = 4; lastKnownFileType = sourcecode.swift; path = SongLogics.swift; sourceTree = "<group>"; };
		79F732451A1E74580071A05B /* Song.swift */ = {isa = PBXFileReference; fileEncoding = 4; lastKnownFileType = sourcecode.swift; path = Song.swift; sourceTree = "<group>"; };
		79F732471A1E74CB0071A05B /* Song_Extras.swift */ = {isa = PBXFileReference; fileEncoding = 4; lastKnownFileType = sourcecode.swift; path = Song_Extras.swift; sourceTree = "<group>"; };
		79F7324D1A1E8CF50071A05B /* Alamofire.xcodeproj */ = {isa = PBXFileReference; lastKnownFileType = "wrapper.pb-project"; name = Alamofire.xcodeproj; path = Alamofire/Alamofire.xcodeproj; sourceTree = "<group>"; };
		79F7325E1A1E90C00071A05B /* LyricsDAO.swift */ = {isa = PBXFileReference; fileEncoding = 4; lastKnownFileType = sourcecode.swift; path = LyricsDAO.swift; sourceTree = "<group>"; };
		79F732621A1EA31E0071A05B /* AEXML.swift */ = {isa = PBXFileReference; fileEncoding = 4; lastKnownFileType = sourcecode.swift; path = AEXML.swift; sourceTree = "<group>"; };
		79F732641A1EB6350071A05B /* SWXMLHash.swift */ = {isa = PBXFileReference; fileEncoding = 4; lastKnownFileType = sourcecode.swift; path = SWXMLHash.swift; sourceTree = "<group>"; };
/* End PBXFileReference section */

/* Begin PBXFrameworksBuildPhase section */
		79F7321B1A1E6E5B0071A05B /* Frameworks */ = {
			isa = PBXFrameworksBuildPhase;
			buildActionMask = 2147483647;
			files = (
			);
			runOnlyForDeploymentPostprocessing = 0;
		};
		79F732301A1E6E5B0071A05B /* Frameworks */ = {
			isa = PBXFrameworksBuildPhase;
			buildActionMask = 2147483647;
			files = (
			);
			runOnlyForDeploymentPostprocessing = 0;
		};
/* End PBXFrameworksBuildPhase section */

/* Begin PBXGroup section */
		79F732151A1E6E5B0071A05B = {
			isa = PBXGroup;
			children = (
				79F732201A1E6E5B0071A05B /* instalyrics */,
				79F732361A1E6E5B0071A05B /* instalyricsTests */,
				79F7321F1A1E6E5B0071A05B /* Products */,
				79F7324D1A1E8CF50071A05B /* Alamofire.xcodeproj */,
			);
			sourceTree = "<group>";
		};
		79F7321F1A1E6E5B0071A05B /* Products */ = {
			isa = PBXGroup;
			children = (
				79F7321E1A1E6E5B0071A05B /* instalyrics.app */,
				79F732331A1E6E5B0071A05B /* instalyricsTests.xctest */,
			);
			name = Products;
			sourceTree = "<group>";
		};
		79F732201A1E6E5B0071A05B /* instalyrics */ = {
			isa = PBXGroup;
			children = (
				79F732231A1E6E5B0071A05B /* AppDelegate.swift */,
				79F7322C1A1E6E5B0071A05B /* LaunchScreen.xib */,
				79F732271A1E6E5B0071A05B /* Main.storyboard */,
				79F7325D1A1E8EAE0071A05B /* Main */,
				79F7325C1A1E8EA40071A05B /* Models */,
				79F7325B1A1E8E970071A05B /* Logics */,
				79F732601A1EA31E0071A05B /* SDK */,
				79F7322A1A1E6E5B0071A05B /* Images.xcassets */,
				79F732211A1E6E5B0071A05B /* Supporting Files */,
			);
			path = instalyrics;
			sourceTree = "<group>";
		};
		79F732211A1E6E5B0071A05B /* Supporting Files */ = {
			isa = PBXGroup;
			children = (
				79F732221A1E6E5B0071A05B /* Info.plist */,
			);
			name = "Supporting Files";
			sourceTree = "<group>";
		};
		79F732361A1E6E5B0071A05B /* instalyricsTests */ = {
			isa = PBXGroup;
			children = (
				79F732391A1E6E5B0071A05B /* instalyricsTests.swift */,
				79F732371A1E6E5B0071A05B /* Supporting Files */,
			);
			path = instalyricsTests;
			sourceTree = "<group>";
		};
		79F732371A1E6E5B0071A05B /* Supporting Files */ = {
			isa = PBXGroup;
			children = (
				79F732381A1E6E5B0071A05B /* Info.plist */,
			);
			name = "Supporting Files";
			sourceTree = "<group>";
		};
		79F7324E1A1E8CF50071A05B /* Products */ = {
			isa = PBXGroup;
			children = (
				79F732531A1E8CF50071A05B /* Alamofire.framework */,
				79F732551A1E8CF50071A05B /* AlamofireTests.xctest */,
			);
			name = Products;
			sourceTree = "<group>";
		};
		79F7325B1A1E8E970071A05B /* Logics */ = {
			isa = PBXGroup;
			children = (
				79F732431A1E73910071A05B /* SongLogics.swift */,
				79F7325E1A1E90C00071A05B /* LyricsDAO.swift */,
			);
			name = Logics;
			sourceTree = "<group>";
		};
		79F7325C1A1E8EA40071A05B /* Models */ = {
			isa = PBXGroup;
			children = (
				79F732451A1E74580071A05B /* Song.swift */,
				79F732471A1E74CB0071A05B /* Song_Extras.swift */,
			);
			name = Models;
			sourceTree = "<group>";
		};
		79F7325D1A1E8EAE0071A05B /* Main */ = {
			isa = PBXGroup;
			children = (
				79F732251A1E6E5B0071A05B /* MainViewController.swift */,
			);
			name = Main;
			sourceTree = "<group>";
		};
		79F732601A1EA31E0071A05B /* SDK */ = {
			isa = PBXGroup;
			children = (
				79F732611A1EA31E0071A05B /* XMLParser */,
			);
			path = SDK;
			sourceTree = "<group>";
		};
		79F732611A1EA31E0071A05B /* XMLParser */ = {
			isa = PBXGroup;
			children = (
				79F732641A1EB6350071A05B /* SWXMLHash.swift */,
				79F732621A1EA31E0071A05B /* AEXML.swift */,
			);
			path = XMLParser;
			sourceTree = "<group>";
		};
/* End PBXGroup section */

/* Begin PBXNativeTarget section */
		79F7321D1A1E6E5B0071A05B /* instalyrics */ = {
			isa = PBXNativeTarget;
			buildConfigurationList = 79F7323D1A1E6E5B0071A05B /* Build configuration list for PBXNativeTarget "instalyrics" */;
			buildPhases = (
				79F7321A1A1E6E5B0071A05B /* Sources */,
				79F7321B1A1E6E5B0071A05B /* Frameworks */,
				79F7321C1A1E6E5B0071A05B /* Resources */,
				79F732591A1E8E480071A05B /* Copy Files (1 item) */,
			);
			buildRules = (
			);
			dependencies = (
				79F732581A1E8D6B0071A05B /* PBXTargetDependency */,
			);
			name = instalyrics;
			productName = instalyrics;
			productReference = 79F7321E1A1E6E5B0071A05B /* instalyrics.app */;
			productType = "com.apple.product-type.application";
		};
		79F732321A1E6E5B0071A05B /* instalyricsTests */ = {
			isa = PBXNativeTarget;
			buildConfigurationList = 79F732401A1E6E5B0071A05B /* Build configuration list for PBXNativeTarget "instalyricsTests" */;
			buildPhases = (
				79F7322F1A1E6E5B0071A05B /* Sources */,
				79F732301A1E6E5B0071A05B /* Frameworks */,
				79F732311A1E6E5B0071A05B /* Resources */,
			);
			buildRules = (
			);
			dependencies = (
				79F732351A1E6E5B0071A05B /* PBXTargetDependency */,
			);
			name = instalyricsTests;
			productName = instalyricsTests;
			productReference = 79F732331A1E6E5B0071A05B /* instalyricsTests.xctest */;
			productType = "com.apple.product-type.bundle.unit-test";
		};
/* End PBXNativeTarget section */

/* Begin PBXProject section */
		79F732161A1E6E5B0071A05B /* Project object */ = {
			isa = PBXProject;
			attributes = {
				LastUpgradeCheck = 0610;
				ORGANIZATIONNAME = MMS;
				TargetAttributes = {
					79F7321D1A1E6E5B0071A05B = {
						CreatedOnToolsVersion = 6.1;
					};
					79F732321A1E6E5B0071A05B = {
						CreatedOnToolsVersion = 6.1;
						TestTargetID = 79F7321D1A1E6E5B0071A05B;
					};
				};
			};
			buildConfigurationList = 79F732191A1E6E5B0071A05B /* Build configuration list for PBXProject "instalyrics" */;
			compatibilityVersion = "Xcode 3.2";
			developmentRegion = English;
			hasScannedForEncodings = 0;
			knownRegions = (
				en,
				Base,
			);
			mainGroup = 79F732151A1E6E5B0071A05B;
			productRefGroup = 79F7321F1A1E6E5B0071A05B /* Products */;
			projectDirPath = "";
			projectReferences = (
				{
					ProductGroup = 79F7324E1A1E8CF50071A05B /* Products */;
					ProjectRef = 79F7324D1A1E8CF50071A05B /* Alamofire.xcodeproj */;
				},
			);
			projectRoot = "";
			targets = (
				79F7321D1A1E6E5B0071A05B /* instalyrics */,
				79F732321A1E6E5B0071A05B /* instalyricsTests */,
			);
		};
/* End PBXProject section */

/* Begin PBXReferenceProxy section */
		79F732531A1E8CF50071A05B /* Alamofire.framework */ = {
			isa = PBXReferenceProxy;
			fileType = wrapper.framework;
			path = Alamofire.framework;
			remoteRef = 79F732521A1E8CF50071A05B /* PBXContainerItemProxy */;
			sourceTree = BUILT_PRODUCTS_DIR;
		};
		79F732551A1E8CF50071A05B /* AlamofireTests.xctest */ = {
			isa = PBXReferenceProxy;
			fileType = wrapper.cfbundle;
			path = AlamofireTests.xctest;
			remoteRef = 79F732541A1E8CF50071A05B /* PBXContainerItemProxy */;
			sourceTree = BUILT_PRODUCTS_DIR;
		};
/* End PBXReferenceProxy section */

/* Begin PBXResourcesBuildPhase section */
		79F7321C1A1E6E5B0071A05B /* Resources */ = {
			isa = PBXResourcesBuildPhase;
			buildActionMask = 2147483647;
			files = (
				79F732291A1E6E5B0071A05B /* Main.storyboard in Resources */,
				79F7322E1A1E6E5B0071A05B /* LaunchScreen.xib in Resources */,
				79F7322B1A1E6E5B0071A05B /* Images.xcassets in Resources */,
			);
			runOnlyForDeploymentPostprocessing = 0;
		};
		79F732311A1E6E5B0071A05B /* Resources */ = {
			isa = PBXResourcesBuildPhase;
			buildActionMask = 2147483647;
			files = (
			);
			runOnlyForDeploymentPostprocessing = 0;
		};
/* End PBXResourcesBuildPhase section */

/* Begin PBXSourcesBuildPhase section */
		79F7321A1A1E6E5B0071A05B /* Sources */ = {
			isa = PBXSourcesBuildPhase;
			buildActionMask = 2147483647;
			files = (
				79F732461A1E74580071A05B /* Song.swift in Sources */,
				79F732651A1EB6350071A05B /* SWXMLHash.swift in Sources */,
				79F732481A1E74CB0071A05B /* Song_Extras.swift in Sources */,
				79F7325F1A1E90C00071A05B /* LyricsDAO.swift in Sources */,
				79F732261A1E6E5B0071A05B /* MainViewController.swift in Sources */,
				79F732631A1EA31E0071A05B /* AEXML.swift in Sources */,
				79F732241A1E6E5B0071A05B /* AppDelegate.swift in Sources */,
				79F732441A1E73910071A05B /* SongLogics.swift in Sources */,
			);
			runOnlyForDeploymentPostprocessing = 0;
		};
		79F7322F1A1E6E5B0071A05B /* Sources */ = {
			isa = PBXSourcesBuildPhase;
			buildActionMask = 2147483647;
			files = (
				79F7323A1A1E6E5B0071A05B /* instalyricsTests.swift in Sources */,
			);
			runOnlyForDeploymentPostprocessing = 0;
		};
/* End PBXSourcesBuildPhase section */

/* Begin PBXTargetDependency section */
		79F732351A1E6E5B0071A05B /* PBXTargetDependency */ = {
			isa = PBXTargetDependency;
			target = 79F7321D1A1E6E5B0071A05B /* instalyrics */;
			targetProxy = 79F732341A1E6E5B0071A05B /* PBXContainerItemProxy */;
		};
		79F732581A1E8D6B0071A05B /* PBXTargetDependency */ = {
			isa = PBXTargetDependency;
			name = Alamofire;
			targetProxy = 79F732571A1E8D6B0071A05B /* PBXContainerItemProxy */;
		};
/* End PBXTargetDependency section */

/* Begin PBXVariantGroup section */
		79F732271A1E6E5B0071A05B /* Main.storyboard */ = {
			isa = PBXVariantGroup;
			children = (
				79F732281A1E6E5B0071A05B /* Base */,
			);
			name = Main.storyboard;
			sourceTree = "<group>";
		};
		79F7322C1A1E6E5B0071A05B /* LaunchScreen.xib */ = {
			isa = PBXVariantGroup;
			children = (
				79F7322D1A1E6E5B0071A05B /* Base */,
			);
			name = LaunchScreen.xib;
			sourceTree = "<group>";
		};
/* End PBXVariantGroup section */

/* Begin XCBuildConfiguration section */
		79F7323B1A1E6E5B0071A05B /* Debug */ = {
			isa = XCBuildConfiguration;
			buildSettings = {
				ALWAYS_SEARCH_USER_PATHS = NO;
				CLANG_CXX_LANGUAGE_STANDARD = "gnu++0x";
				CLANG_CXX_LIBRARY = "libc++";
				CLANG_ENABLE_MODULES = YES;
				CLANG_ENABLE_OBJC_ARC = YES;
				CLANG_WARN_BOOL_CONVERSION = YES;
				CLANG_WARN_CONSTANT_CONVERSION = YES;
				CLANG_WARN_DIRECT_OBJC_ISA_USAGE = YES_ERROR;
				CLANG_WARN_EMPTY_BODY = YES;
				CLANG_WARN_ENUM_CONVERSION = YES;
				CLANG_WARN_INT_CONVERSION = YES;
				CLANG_WARN_OBJC_ROOT_CLASS = YES_ERROR;
				CLANG_WARN_UNREACHABLE_CODE = YES;
				CLANG_WARN__DUPLICATE_METHOD_MATCH = YES;
				"CODE_SIGN_IDENTITY[sdk=iphoneos*]" = "iPhone Developer";
				COPY_PHASE_STRIP = NO;
				ENABLE_STRICT_OBJC_MSGSEND = YES;
				GCC_C_LANGUAGE_STANDARD = gnu99;
				GCC_DYNAMIC_NO_PIC = NO;
				GCC_OPTIMIZATION_LEVEL = 0;
				GCC_PREPROCESSOR_DEFINITIONS = (
					"DEBUG=1",
					"$(inherited)",
				);
				GCC_SYMBOLS_PRIVATE_EXTERN = NO;
				GCC_WARN_64_TO_32_BIT_CONVERSION = YES;
				GCC_WARN_ABOUT_RETURN_TYPE = YES_ERROR;
				GCC_WARN_UNDECLARED_SELECTOR = YES;
				GCC_WARN_UNINITIALIZED_AUTOS = YES_AGGRESSIVE;
				GCC_WARN_UNUSED_FUNCTION = YES;
				GCC_WARN_UNUSED_VARIABLE = YES;
				IPHONEOS_DEPLOYMENT_TARGET = 8.1;
				MTL_ENABLE_DEBUG_INFO = YES;
				ONLY_ACTIVE_ARCH = YES;
				SDKROOT = iphoneos;
				SWIFT_OPTIMIZATION_LEVEL = "-Onone";
			};
			name = Debug;
		};
		79F7323C1A1E6E5B0071A05B /* Release */ = {
			isa = XCBuildConfiguration;
			buildSettings = {
				ALWAYS_SEARCH_USER_PATHS = NO;
				CLANG_CXX_LANGUAGE_STANDARD = "gnu++0x";
				CLANG_CXX_LIBRARY = "libc++";
				CLANG_ENABLE_MODULES = YES;
				CLANG_ENABLE_OBJC_ARC = YES;
				CLANG_WARN_BOOL_CONVERSION = YES;
				CLANG_WARN_CONSTANT_CONVERSION = YES;
				CLANG_WARN_DIRECT_OBJC_ISA_USAGE = YES_ERROR;
				CLANG_WARN_EMPTY_BODY = YES;
				CLANG_WARN_ENUM_CONVERSION = YES;
				CLANG_WARN_INT_CONVERSION = YES;
				CLANG_WARN_OBJC_ROOT_CLASS = YES_ERROR;
				CLANG_WARN_UNREACHABLE_CODE = YES;
				CLANG_WARN__DUPLICATE_METHOD_MATCH = YES;
				"CODE_SIGN_IDENTITY[sdk=iphoneos*]" = "iPhone Developer";
				COPY_PHASE_STRIP = YES;
				ENABLE_NS_ASSERTIONS = NO;
				ENABLE_STRICT_OBJC_MSGSEND = YES;
				GCC_C_LANGUAGE_STANDARD = gnu99;
				GCC_WARN_64_TO_32_BIT_CONVERSION = YES;
				GCC_WARN_ABOUT_RETURN_TYPE = YES_ERROR;
				GCC_WARN_UNDECLARED_SELECTOR = YES;
				GCC_WARN_UNINITIALIZED_AUTOS = YES_AGGRESSIVE;
				GCC_WARN_UNUSED_FUNCTION = YES;
				GCC_WARN_UNUSED_VARIABLE = YES;
				IPHONEOS_DEPLOYMENT_TARGET = 8.1;
				MTL_ENABLE_DEBUG_INFO = NO;
				SDKROOT = iphoneos;
				VALIDATE_PRODUCT = YES;
			};
			name = Release;
		};
		79F7323E1A1E6E5B0071A05B /* Debug */ = {
			isa = XCBuildConfiguration;
			buildSettings = {
				ASSETCATALOG_COMPILER_APPICON_NAME = AppIcon;
				INFOPLIST_FILE = instalyrics/Info.plist;
				LD_RUNPATH_SEARCH_PATHS = "$(inherited) @executable_path/Frameworks";
				PRODUCT_NAME = "$(TARGET_NAME)";
			};
			name = Debug;
		};
		79F7323F1A1E6E5B0071A05B /* Release */ = {
			isa = XCBuildConfiguration;
			buildSettings = {
				ASSETCATALOG_COMPILER_APPICON_NAME = AppIcon;
				INFOPLIST_FILE = instalyrics/Info.plist;
				LD_RUNPATH_SEARCH_PATHS = "$(inherited) @executable_path/Frameworks";
				PRODUCT_NAME = "$(TARGET_NAME)";
			};
			name = Release;
		};
		79F732411A1E6E5B0071A05B /* Debug */ = {
			isa = XCBuildConfiguration;
			buildSettings = {
				BUNDLE_LOADER = "$(TEST_HOST)";
				FRAMEWORK_SEARCH_PATHS = (
					"$(SDKROOT)/Developer/Library/Frameworks",
					"$(inherited)",
				);
				GCC_PREPROCESSOR_DEFINITIONS = (
					"DEBUG=1",
					"$(inherited)",
				);
				INFOPLIST_FILE = instalyricsTests/Info.plist;
				LD_RUNPATH_SEARCH_PATHS = "$(inherited) @executable_path/Frameworks @loader_path/Frameworks";
				PRODUCT_NAME = "$(TARGET_NAME)";
				TEST_HOST = "$(BUILT_PRODUCTS_DIR)/instalyrics.app/instalyrics";
			};
			name = Debug;
		};
		79F732421A1E6E5B0071A05B /* Release */ = {
			isa = XCBuildConfiguration;
			buildSettings = {
				BUNDLE_LOADER = "$(TEST_HOST)";
				FRAMEWORK_SEARCH_PATHS = (
					"$(SDKROOT)/Developer/Library/Frameworks",
					"$(inherited)",
				);
				INFOPLIST_FILE = instalyricsTests/Info.plist;
				LD_RUNPATH_SEARCH_PATHS = "$(inherited) @executable_path/Frameworks @loader_path/Frameworks";
				PRODUCT_NAME = "$(TARGET_NAME)";
				TEST_HOST = "$(BUILT_PRODUCTS_DIR)/instalyrics.app/instalyrics";
			};
			name = Release;
		};
/* End XCBuildConfiguration section */

/* Begin XCConfigurationList section */
		79F732191A1E6E5B0071A05B /* Build configuration list for PBXProject "instalyrics" */ = {
			isa = XCConfigurationList;
			buildConfigurations = (
				79F7323B1A1E6E5B0071A05B /* Debug */,
				79F7323C1A1E6E5B0071A05B /* Release */,
			);
			defaultConfigurationIsVisible = 0;
			defaultConfigurationName = Release;
		};
		79F7323D1A1E6E5B0071A05B /* Build configuration list for PBXNativeTarget "instalyrics" */ = {
			isa = XCConfigurationList;
			buildConfigurations = (
				79F7323E1A1E6E5B0071A05B /* Debug */,
				79F7323F1A1E6E5B0071A05B /* Release */,
			);
			defaultConfigurationIsVisible = 0;
			defaultConfigurationName = Release;
		};
		79F732401A1E6E5B0071A05B /* Build configuration list for PBXNativeTarget "instalyricsTests" */ = {
			isa = XCConfigurationList;
			buildConfigurations = (
				79F732411A1E6E5B0071A05B /* Debug */,
				79F732421A1E6E5B0071A05B /* Release */,
			);
			defaultConfigurationIsVisible = 0;
			defaultConfigurationName = Release;
		};
/* End XCConfigurationList section */
	};
	rootObject = 79F732161A1E6E5B0071A05B /* Project object */;
}
